// !$*UTF8*$!
{
	archiveVersion = 1;
	classes = {
	};
	objectVersion = 46;
	objects = {

/* Begin PBXBuildFile section */
		49084FD41BD13DBD0012F636 /* ThunderRequestTV.h in Headers */ = {isa = PBXBuildFile; fileRef = 49084FD31BD13DBD0012F636 /* ThunderRequestTV.h */; settings = {ATTRIBUTES = (Public, ); }; };
		49084FD91BD13DF80012F636 /* TSCRequest.m in Sources */ = {isa = PBXBuildFile; fileRef = C2E5089D19C835D900350F00 /* TSCRequest.m */; };
		49084FDA1BD13DF80012F636 /* TSCRequestController.m in Sources */ = {isa = PBXBuildFile; fileRef = C2E5089F19C835D900350F00 /* TSCRequestController.m */; };
		49084FDB1BD13DF80012F636 /* TSCRequestCredential.m in Sources */ = {isa = PBXBuildFile; fileRef = C2E508A119C835D900350F00 /* TSCRequestCredential.m */; };
		49084FDC1BD13DF80012F636 /* TSCRequestResponse.m in Sources */ = {isa = PBXBuildFile; fileRef = C2E508A319C835D900350F00 /* TSCRequestResponse.m */; };
		49084FDD1BD13DF80012F636 /* TSCErrorRecoveryAttempter.m in Sources */ = {isa = PBXBuildFile; fileRef = 49B77E071B36A7BF001475CE /* TSCErrorRecoveryAttempter.m */; };
		49084FDE1BD13DF80012F636 /* TSCErrorRecoveryOption.m in Sources */ = {isa = PBXBuildFile; fileRef = 49B77E091B36A7BF001475CE /* TSCErrorRecoveryOption.m */; };
		49084FDF1BD13DF80012F636 /* TSCRequestDefines.m in Sources */ = {isa = PBXBuildFile; fileRef = 49F7B2E41B96F53100DDB587 /* TSCRequestDefines.m */; };
		49084FE01BD13DF80012F636 /* UIAlertController+TSCErrorRecoveryAttempter.m in Sources */ = {isa = PBXBuildFile; fileRef = 49B77E0D1B36A7BF001475CE /* UIAlertController+TSCErrorRecoveryAttempter.m */; };
		49084FE11BD13E2A0012F636 /* TSCRequest.h in Headers */ = {isa = PBXBuildFile; fileRef = C2E5089C19C835D900350F00 /* TSCRequest.h */; settings = {ATTRIBUTES = (Public, ); }; };
		49084FE21BD13E2A0012F636 /* TSCRequestController.h in Headers */ = {isa = PBXBuildFile; fileRef = C2E5089E19C835D900350F00 /* TSCRequestController.h */; settings = {ATTRIBUTES = (Public, ); }; };
		49084FE31BD13E2A0012F636 /* TSCRequestCredential.h in Headers */ = {isa = PBXBuildFile; fileRef = C2E508A019C835D900350F00 /* TSCRequestCredential.h */; settings = {ATTRIBUTES = (Public, ); }; };
		49084FE41BD13E2A0012F636 /* TSCRequestResponse.h in Headers */ = {isa = PBXBuildFile; fileRef = C2E508A219C835D900350F00 /* TSCRequestResponse.h */; settings = {ATTRIBUTES = (Public, ); }; };
		49084FE51BD13E2A0012F636 /* TSCErrorRecoveryAttempter.h in Headers */ = {isa = PBXBuildFile; fileRef = 49B77E061B36A7BF001475CE /* TSCErrorRecoveryAttempter.h */; settings = {ATTRIBUTES = (Public, ); }; };
		49084FE61BD13E2A0012F636 /* TSCErrorRecoveryOption.h in Headers */ = {isa = PBXBuildFile; fileRef = 49B77E081B36A7BF001475CE /* TSCErrorRecoveryOption.h */; settings = {ATTRIBUTES = (Public, ); }; };
		49084FE71BD13E2A0012F636 /* TSCRequestDefines.h in Headers */ = {isa = PBXBuildFile; fileRef = 49B77E0A1B36A7BF001475CE /* TSCRequestDefines.h */; settings = {ATTRIBUTES = (Public, ); }; };
		49084FE81BD13E2A0012F636 /* UIAlertController+TSCErrorRecoveryAttempter.h in Headers */ = {isa = PBXBuildFile; fileRef = 49B77E0C1B36A7BF001475CE /* UIAlertController+TSCErrorRecoveryAttempter.h */; settings = {ATTRIBUTES = (Public, ); }; };
		49B77E0E1B36A7BF001475CE /* TSCErrorRecoveryAttempter.h in Headers */ = {isa = PBXBuildFile; fileRef = 49B77E061B36A7BF001475CE /* TSCErrorRecoveryAttempter.h */; settings = {ATTRIBUTES = (Public, ); }; };
		49B77E0F1B36A7BF001475CE /* TSCErrorRecoveryAttempter.m in Sources */ = {isa = PBXBuildFile; fileRef = 49B77E071B36A7BF001475CE /* TSCErrorRecoveryAttempter.m */; };
		49B77E101B36A7BF001475CE /* TSCErrorRecoveryOption.h in Headers */ = {isa = PBXBuildFile; fileRef = 49B77E081B36A7BF001475CE /* TSCErrorRecoveryOption.h */; settings = {ATTRIBUTES = (Public, ); }; };
		49B77E111B36A7BF001475CE /* TSCErrorRecoveryOption.m in Sources */ = {isa = PBXBuildFile; fileRef = 49B77E091B36A7BF001475CE /* TSCErrorRecoveryOption.m */; };
		49B77E121B36A7BF001475CE /* TSCRequestDefines.h in Headers */ = {isa = PBXBuildFile; fileRef = 49B77E0A1B36A7BF001475CE /* TSCRequestDefines.h */; settings = {ATTRIBUTES = (Public, ); }; };
		49B77E141B36A7BF001475CE /* UIAlertController+TSCErrorRecoveryAttempter.h in Headers */ = {isa = PBXBuildFile; fileRef = 49B77E0C1B36A7BF001475CE /* UIAlertController+TSCErrorRecoveryAttempter.h */; settings = {ATTRIBUTES = (Public, ); }; };
		49B77E151B36A7BF001475CE /* UIAlertController+TSCErrorRecoveryAttempter.m in Sources */ = {isa = PBXBuildFile; fileRef = 49B77E0D1B36A7BF001475CE /* UIAlertController+TSCErrorRecoveryAttempter.m */; };
		49F7B2E51B96F53100DDB587 /* TSCRequestDefines.m in Sources */ = {isa = PBXBuildFile; fileRef = 49F7B2E41B96F53100DDB587 /* TSCRequestDefines.m */; };
		B1177EDD1BBAF18E00372D4D /* ThunderRequestMac.h in Headers */ = {isa = PBXBuildFile; fileRef = B1177EDC1BBAF18E00372D4D /* ThunderRequestMac.h */; settings = {ATTRIBUTES = (Public, ); }; };
		B1177EE31BBAF18E00372D4D /* ThunderRequestMac.framework in Frameworks */ = {isa = PBXBuildFile; fileRef = B1177ED81BBAF18E00372D4D /* ThunderRequestMac.framework */; };
		B1177EEA1BBAF18E00372D4D /* ThunderRequestMacTests.m in Sources */ = {isa = PBXBuildFile; fileRef = B1177EE91BBAF18E00372D4D /* ThunderRequestMacTests.m */; };
		B1177EF11BBAF21F00372D4D /* TSCRequest.m in Sources */ = {isa = PBXBuildFile; fileRef = C2E5089D19C835D900350F00 /* TSCRequest.m */; };
		B1177EF21BBAF21F00372D4D /* TSCRequestController.m in Sources */ = {isa = PBXBuildFile; fileRef = C2E5089F19C835D900350F00 /* TSCRequestController.m */; };
		B1177EF31BBAF21F00372D4D /* TSCRequestCredential.m in Sources */ = {isa = PBXBuildFile; fileRef = C2E508A119C835D900350F00 /* TSCRequestCredential.m */; };
		B1177EF41BBAF21F00372D4D /* TSCRequestResponse.m in Sources */ = {isa = PBXBuildFile; fileRef = C2E508A319C835D900350F00 /* TSCRequestResponse.m */; };
		B1177EF51BBAF21F00372D4D /* TSCErrorRecoveryAttempter.m in Sources */ = {isa = PBXBuildFile; fileRef = 49B77E071B36A7BF001475CE /* TSCErrorRecoveryAttempter.m */; };
		B1177EF61BBAF21F00372D4D /* TSCErrorRecoveryOption.m in Sources */ = {isa = PBXBuildFile; fileRef = 49B77E091B36A7BF001475CE /* TSCErrorRecoveryOption.m */; };
		B1177EF71BBAF21F00372D4D /* TSCRequestDefines.m in Sources */ = {isa = PBXBuildFile; fileRef = 49F7B2E41B96F53100DDB587 /* TSCRequestDefines.m */; };
		B1177EF81BBAF22C00372D4D /* TSCRequest.h in Headers */ = {isa = PBXBuildFile; fileRef = C2E5089C19C835D900350F00 /* TSCRequest.h */; settings = {ATTRIBUTES = (Public, ); }; };
		B1177EF91BBAF22F00372D4D /* TSCRequestController.h in Headers */ = {isa = PBXBuildFile; fileRef = C2E5089E19C835D900350F00 /* TSCRequestController.h */; settings = {ATTRIBUTES = (Public, ); }; };
		B1177EFA1BBAF23400372D4D /* TSCRequestCredential.h in Headers */ = {isa = PBXBuildFile; fileRef = C2E508A019C835D900350F00 /* TSCRequestCredential.h */; settings = {ATTRIBUTES = (Public, ); }; };
		B1177EFB1BBAF23A00372D4D /* TSCRequestResponse.h in Headers */ = {isa = PBXBuildFile; fileRef = C2E508A219C835D900350F00 /* TSCRequestResponse.h */; settings = {ATTRIBUTES = (Public, ); }; };
		B1177EFC1BBAF23D00372D4D /* TSCErrorRecoveryAttempter.h in Headers */ = {isa = PBXBuildFile; fileRef = 49B77E061B36A7BF001475CE /* TSCErrorRecoveryAttempter.h */; settings = {ATTRIBUTES = (Public, ); }; };
		B1177EFD1BBAF24100372D4D /* TSCErrorRecoveryOption.h in Headers */ = {isa = PBXBuildFile; fileRef = 49B77E081B36A7BF001475CE /* TSCErrorRecoveryOption.h */; settings = {ATTRIBUTES = (Public, ); }; };
		B1177EFE1BBAF24500372D4D /* TSCRequestDefines.h in Headers */ = {isa = PBXBuildFile; fileRef = 49B77E0A1B36A7BF001475CE /* TSCRequestDefines.h */; settings = {ATTRIBUTES = (Public, ); }; };
		B12F7C971BFDD47A002B7D60 /* TSCOAuth2Credential.h in Headers */ = {isa = PBXBuildFile; fileRef = B1EF2E9A1BA6D88E0053B39A /* TSCOAuth2Credential.h */; settings = {ATTRIBUTES = (Public, ); }; };
		B12F7C981BFDD47E002B7D60 /* TSCOAuth2Credential.m in Sources */ = {isa = PBXBuildFile; fileRef = B1EF2E9B1BA6D88E0053B39A /* TSCOAuth2Credential.m */; };
		B12F7CA41BFDD680002B7D60 /* TSCOAuth2Manager.h in Headers */ = {isa = PBXBuildFile; fileRef = B16743E61BA6C4E000352C68 /* TSCOAuth2Manager.h */; settings = {ATTRIBUTES = (Public, ); }; };
		B12F7CA51BFDD690002B7D60 /* NSDictionary+URLEncoding.h in Headers */ = {isa = PBXBuildFile; fileRef = B1FC231B1BC6A6EA00E67C8D /* NSDictionary+URLEncoding.h */; settings = {ATTRIBUTES = (Public, ); }; };
		B12F7CA71BFDD6A0002B7D60 /* NSThread+Blocks.h in Headers */ = {isa = PBXBuildFile; fileRef = B1AB78331BDA92CC00F50127 /* NSThread+Blocks.h */; };
		B12F7CA81BFDD6B1002B7D60 /* NSDictionary+URLEncoding.m in Sources */ = {isa = PBXBuildFile; fileRef = B1FC231C1BC6A6EA00E67C8D /* NSDictionary+URLEncoding.m */; };
		B12F7CA91BFDD6B9002B7D60 /* NSURLSession+Synchronous.h in Headers */ = {isa = PBXBuildFile; fileRef = B19894871BEA3B7C00E96DA3 /* NSURLSession+Synchronous.h */; };
		B12F7CAA1BFDD6BD002B7D60 /* NSURLSession+Synchronous.m in Sources */ = {isa = PBXBuildFile; fileRef = B19894881BEA3B7C00E96DA3 /* NSURLSession+Synchronous.m */; };
		B12F7CAB1BFDD836002B7D60 /* NSThread+Blocks.m in Sources */ = {isa = PBXBuildFile; fileRef = B1AB78341BDA92CC00F50127 /* NSThread+Blocks.m */; };
		B16743E81BA6C4E000352C68 /* TSCOAuth2Manager.h in Headers */ = {isa = PBXBuildFile; fileRef = B16743E61BA6C4E000352C68 /* TSCOAuth2Manager.h */; settings = {ATTRIBUTES = (Public, ); }; };
		B17F34601BF4A59000F3586C /* NSDictionary+URLEncoding.m in Sources */ = {isa = PBXBuildFile; fileRef = B1FC231C1BC6A6EA00E67C8D /* NSDictionary+URLEncoding.m */; };
		B19894891BEA3B7C00E96DA3 /* NSURLSession+Synchronous.h in Headers */ = {isa = PBXBuildFile; fileRef = B19894871BEA3B7C00E96DA3 /* NSURLSession+Synchronous.h */; };
		B198948A1BEA3B7C00E96DA3 /* NSURLSession+Synchronous.h in Headers */ = {isa = PBXBuildFile; fileRef = B19894871BEA3B7C00E96DA3 /* NSURLSession+Synchronous.h */; };
		B198948B1BEA3B7C00E96DA3 /* NSURLSession+Synchronous.m in Sources */ = {isa = PBXBuildFile; fileRef = B19894881BEA3B7C00E96DA3 /* NSURLSession+Synchronous.m */; };
		B198948C1BEA3B7C00E96DA3 /* NSURLSession+Synchronous.m in Sources */ = {isa = PBXBuildFile; fileRef = B19894881BEA3B7C00E96DA3 /* NSURLSession+Synchronous.m */; };
		B198948F1BEA3E6E00E96DA3 /* NSThread+Blocks.h in Headers */ = {isa = PBXBuildFile; fileRef = B1AB78331BDA92CC00F50127 /* NSThread+Blocks.h */; };
		B19894901BEA3E8800E96DA3 /* NSThread+Blocks.m in Sources */ = {isa = PBXBuildFile; fileRef = B1AB78341BDA92CC00F50127 /* NSThread+Blocks.m */; };
		B1AB78351BDA92CC00F50127 /* NSThread+Blocks.h in Headers */ = {isa = PBXBuildFile; fileRef = B1AB78331BDA92CC00F50127 /* NSThread+Blocks.h */; };
		B1AB78361BDA92CC00F50127 /* NSThread+Blocks.m in Sources */ = {isa = PBXBuildFile; fileRef = B1AB78341BDA92CC00F50127 /* NSThread+Blocks.m */; };
		B1EF2E9C1BA6D88E0053B39A /* TSCOAuth2Credential.h in Headers */ = {isa = PBXBuildFile; fileRef = B1EF2E9A1BA6D88E0053B39A /* TSCOAuth2Credential.h */; settings = {ATTRIBUTES = (Public, ); }; };
		B1EF2E9D1BA6D88E0053B39A /* TSCOAuth2Credential.m in Sources */ = {isa = PBXBuildFile; fileRef = B1EF2E9B1BA6D88E0053B39A /* TSCOAuth2Credential.m */; };
		B1EF2E9F1BA70F7B0053B39A /* ThunderRequest-KeychainTests.swift in Sources */ = {isa = PBXBuildFile; fileRef = B1EF2E9E1BA70F7B0053B39A /* ThunderRequest-KeychainTests.swift */; };
		B1FA1B501BF0A46800C458F1 /* NSDictionary+URLEncoding.h in Headers */ = {isa = PBXBuildFile; fileRef = B1FC231B1BC6A6EA00E67C8D /* NSDictionary+URLEncoding.h */; settings = {ATTRIBUTES = (Public, ); }; };
		B1FC231D1BC6A6EA00E67C8D /* NSDictionary+URLEncoding.h in Headers */ = {isa = PBXBuildFile; fileRef = B1FC231B1BC6A6EA00E67C8D /* NSDictionary+URLEncoding.h */; settings = {ATTRIBUTES = (Public, ); }; };
		B1FC231E1BC6A6EA00E67C8D /* NSDictionary+URLEncoding.m in Sources */ = {isa = PBXBuildFile; fileRef = B1FC231C1BC6A6EA00E67C8D /* NSDictionary+URLEncoding.m */; };
		B1FE42821BF4A36400EDC887 /* TSCOAuth2Credential.h in Headers */ = {isa = PBXBuildFile; fileRef = B1EF2E9A1BA6D88E0053B39A /* TSCOAuth2Credential.h */; settings = {ATTRIBUTES = (Public, ); }; };
		B1FE42831BF4A36800EDC887 /* TSCOAuth2Credential.m in Sources */ = {isa = PBXBuildFile; fileRef = B1EF2E9B1BA6D88E0053B39A /* TSCOAuth2Credential.m */; };
		B1FE42841BF4A36B00EDC887 /* TSCOAuth2Manager.h in Headers */ = {isa = PBXBuildFile; fileRef = B16743E61BA6C4E000352C68 /* TSCOAuth2Manager.h */; settings = {ATTRIBUTES = (Public, ); }; };
		C2E5089219C835A300350F00 /* ThunderRequestTests.swift in Sources */ = {isa = PBXBuildFile; fileRef = C2E5089119C835A300350F00 /* ThunderRequestTests.swift */; };
		C2E508A419C835D900350F00 /* ThunderRequest.h in Headers */ = {isa = PBXBuildFile; fileRef = C2E5089B19C835D900350F00 /* ThunderRequest.h */; settings = {ATTRIBUTES = (Public, ); }; };
		C2E508A519C835D900350F00 /* TSCRequest.h in Headers */ = {isa = PBXBuildFile; fileRef = C2E5089C19C835D900350F00 /* TSCRequest.h */; settings = {ATTRIBUTES = (Public, ); }; };
		C2E508A619C835D900350F00 /* TSCRequest.m in Sources */ = {isa = PBXBuildFile; fileRef = C2E5089D19C835D900350F00 /* TSCRequest.m */; };
		C2E508A719C835D900350F00 /* TSCRequestController.h in Headers */ = {isa = PBXBuildFile; fileRef = C2E5089E19C835D900350F00 /* TSCRequestController.h */; settings = {ATTRIBUTES = (Public, ); }; };
		C2E508A819C835D900350F00 /* TSCRequestController.m in Sources */ = {isa = PBXBuildFile; fileRef = C2E5089F19C835D900350F00 /* TSCRequestController.m */; };
		C2E508A919C835D900350F00 /* TSCRequestCredential.h in Headers */ = {isa = PBXBuildFile; fileRef = C2E508A019C835D900350F00 /* TSCRequestCredential.h */; settings = {ATTRIBUTES = (Public, ); }; };
		C2E508AA19C835D900350F00 /* TSCRequestCredential.m in Sources */ = {isa = PBXBuildFile; fileRef = C2E508A119C835D900350F00 /* TSCRequestCredential.m */; };
		C2E508AB19C835D900350F00 /* TSCRequestResponse.h in Headers */ = {isa = PBXBuildFile; fileRef = C2E508A219C835D900350F00 /* TSCRequestResponse.h */; settings = {ATTRIBUTES = (Public, ); }; };
		C2E508AC19C835D900350F00 /* TSCRequestResponse.m in Sources */ = {isa = PBXBuildFile; fileRef = C2E508A319C835D900350F00 /* TSCRequestResponse.m */; };
/* End PBXBuildFile section */

/* Begin PBXContainerItemProxy section */
		B1177EE41BBAF18E00372D4D /* PBXContainerItemProxy */ = {
			isa = PBXContainerItemProxy;
			containerPortal = C2E5087919C835A300350F00 /* Project object */;
			proxyType = 1;
			remoteGlobalIDString = B1177ED71BBAF18E00372D4D;
			remoteInfo = ThunderRequestMac;
		};
/* End PBXContainerItemProxy section */

/* Begin PBXFileReference section */
		49084FD11BD13DBD0012F636 /* ThunderRequestTV.framework */ = {isa = PBXFileReference; explicitFileType = wrapper.framework; includeInIndex = 0; path = ThunderRequestTV.framework; sourceTree = BUILT_PRODUCTS_DIR; };
		49084FD31BD13DBD0012F636 /* ThunderRequestTV.h */ = {isa = PBXFileReference; lastKnownFileType = sourcecode.c.h; path = ThunderRequestTV.h; sourceTree = "<group>"; };
		49084FD51BD13DBD0012F636 /* Info.plist */ = {isa = PBXFileReference; lastKnownFileType = text.plist.xml; path = Info.plist; sourceTree = "<group>"; };
		49B77E061B36A7BF001475CE /* TSCErrorRecoveryAttempter.h */ = {isa = PBXFileReference; fileEncoding = 4; lastKnownFileType = sourcecode.c.h; path = TSCErrorRecoveryAttempter.h; sourceTree = "<group>"; };
		49B77E071B36A7BF001475CE /* TSCErrorRecoveryAttempter.m */ = {isa = PBXFileReference; fileEncoding = 4; lastKnownFileType = sourcecode.c.objc; path = TSCErrorRecoveryAttempter.m; sourceTree = "<group>"; };
		49B77E081B36A7BF001475CE /* TSCErrorRecoveryOption.h */ = {isa = PBXFileReference; fileEncoding = 4; lastKnownFileType = sourcecode.c.h; path = TSCErrorRecoveryOption.h; sourceTree = "<group>"; };
		49B77E091B36A7BF001475CE /* TSCErrorRecoveryOption.m */ = {isa = PBXFileReference; fileEncoding = 4; lastKnownFileType = sourcecode.c.objc; path = TSCErrorRecoveryOption.m; sourceTree = "<group>"; };
		49B77E0A1B36A7BF001475CE /* TSCRequestDefines.h */ = {isa = PBXFileReference; fileEncoding = 4; lastKnownFileType = sourcecode.c.h; path = TSCRequestDefines.h; sourceTree = "<group>"; };
		49B77E0C1B36A7BF001475CE /* UIAlertController+TSCErrorRecoveryAttempter.h */ = {isa = PBXFileReference; fileEncoding = 4; lastKnownFileType = sourcecode.c.h; path = "UIAlertController+TSCErrorRecoveryAttempter.h"; sourceTree = "<group>"; };
		49B77E0D1B36A7BF001475CE /* UIAlertController+TSCErrorRecoveryAttempter.m */ = {isa = PBXFileReference; fileEncoding = 4; lastKnownFileType = sourcecode.c.objc; path = "UIAlertController+TSCErrorRecoveryAttempter.m"; sourceTree = "<group>"; };
		49F7B2E41B96F53100DDB587 /* TSCRequestDefines.m */ = {isa = PBXFileReference; fileEncoding = 4; lastKnownFileType = sourcecode.c.objc; path = TSCRequestDefines.m; sourceTree = "<group>"; };
		B1177ED81BBAF18E00372D4D /* ThunderRequestMac.framework */ = {isa = PBXFileReference; explicitFileType = wrapper.framework; includeInIndex = 0; path = ThunderRequestMac.framework; sourceTree = BUILT_PRODUCTS_DIR; };
		B1177EDB1BBAF18E00372D4D /* Info.plist */ = {isa = PBXFileReference; lastKnownFileType = text.plist.xml; path = Info.plist; sourceTree = "<group>"; };
		B1177EDC1BBAF18E00372D4D /* ThunderRequestMac.h */ = {isa = PBXFileReference; lastKnownFileType = sourcecode.c.h; path = ThunderRequestMac.h; sourceTree = "<group>"; };
		B1177EE21BBAF18E00372D4D /* ThunderRequestMacTests.xctest */ = {isa = PBXFileReference; explicitFileType = wrapper.cfbundle; includeInIndex = 0; path = ThunderRequestMacTests.xctest; sourceTree = BUILT_PRODUCTS_DIR; };
		B1177EE81BBAF18E00372D4D /* Info.plist */ = {isa = PBXFileReference; lastKnownFileType = text.plist.xml; path = Info.plist; sourceTree = "<group>"; };
		B1177EE91BBAF18E00372D4D /* ThunderRequestMacTests.m */ = {isa = PBXFileReference; lastKnownFileType = sourcecode.c.objc; path = ThunderRequestMacTests.m; sourceTree = "<group>"; };
		B16743E61BA6C4E000352C68 /* TSCOAuth2Manager.h */ = {isa = PBXFileReference; fileEncoding = 4; lastKnownFileType = sourcecode.c.h; path = TSCOAuth2Manager.h; sourceTree = "<group>"; };
		B19894871BEA3B7C00E96DA3 /* NSURLSession+Synchronous.h */ = {isa = PBXFileReference; fileEncoding = 4; lastKnownFileType = sourcecode.c.h; path = "NSURLSession+Synchronous.h"; sourceTree = "<group>"; };
		B19894881BEA3B7C00E96DA3 /* NSURLSession+Synchronous.m */ = {isa = PBXFileReference; fileEncoding = 4; lastKnownFileType = sourcecode.c.objc; path = "NSURLSession+Synchronous.m"; sourceTree = "<group>"; };
		B1AB78331BDA92CC00F50127 /* NSThread+Blocks.h */ = {isa = PBXFileReference; fileEncoding = 4; lastKnownFileType = sourcecode.c.h; path = "NSThread+Blocks.h"; sourceTree = "<group>"; };
		B1AB78341BDA92CC00F50127 /* NSThread+Blocks.m */ = {isa = PBXFileReference; fileEncoding = 4; lastKnownFileType = sourcecode.c.objc; path = "NSThread+Blocks.m"; sourceTree = "<group>"; };
		B1EF2E9A1BA6D88E0053B39A /* TSCOAuth2Credential.h */ = {isa = PBXFileReference; fileEncoding = 4; lastKnownFileType = sourcecode.c.h; path = TSCOAuth2Credential.h; sourceTree = "<group>"; };
		B1EF2E9B1BA6D88E0053B39A /* TSCOAuth2Credential.m */ = {isa = PBXFileReference; fileEncoding = 4; lastKnownFileType = sourcecode.c.objc; path = TSCOAuth2Credential.m; sourceTree = "<group>"; };
		B1EF2E9E1BA70F7B0053B39A /* ThunderRequest-KeychainTests.swift */ = {isa = PBXFileReference; fileEncoding = 4; lastKnownFileType = sourcecode.swift; path = "ThunderRequest-KeychainTests.swift"; sourceTree = "<group>"; };
		B1FC231B1BC6A6EA00E67C8D /* NSDictionary+URLEncoding.h */ = {isa = PBXFileReference; fileEncoding = 4; lastKnownFileType = sourcecode.c.h; path = "NSDictionary+URLEncoding.h"; sourceTree = "<group>"; };
		B1FC231C1BC6A6EA00E67C8D /* NSDictionary+URLEncoding.m */ = {isa = PBXFileReference; fileEncoding = 4; lastKnownFileType = sourcecode.c.objc; path = "NSDictionary+URLEncoding.m"; sourceTree = "<group>"; };
		C2E5088219C835A300350F00 /* ThunderRequest.framework */ = {isa = PBXFileReference; explicitFileType = wrapper.framework; includeInIndex = 0; path = ThunderRequest.framework; sourceTree = BUILT_PRODUCTS_DIR; };
		C2E5088619C835A300350F00 /* Info.plist */ = {isa = PBXFileReference; lastKnownFileType = text.plist.xml; path = Info.plist; sourceTree = "<group>"; };
		C2E5088D19C835A300350F00 /* ThunderRequestTests.xctest */ = {isa = PBXFileReference; explicitFileType = wrapper.cfbundle; includeInIndex = 0; path = ThunderRequestTests.xctest; sourceTree = BUILT_PRODUCTS_DIR; };
		C2E5089019C835A300350F00 /* Info.plist */ = {isa = PBXFileReference; lastKnownFileType = text.plist.xml; path = Info.plist; sourceTree = "<group>"; };
		C2E5089119C835A300350F00 /* ThunderRequestTests.swift */ = {isa = PBXFileReference; lastKnownFileType = sourcecode.swift; path = ThunderRequestTests.swift; sourceTree = "<group>"; };
		C2E5089B19C835D900350F00 /* ThunderRequest.h */ = {isa = PBXFileReference; fileEncoding = 4; lastKnownFileType = sourcecode.c.h; path = ThunderRequest.h; sourceTree = "<group>"; };
		C2E5089C19C835D900350F00 /* TSCRequest.h */ = {isa = PBXFileReference; fileEncoding = 4; lastKnownFileType = sourcecode.c.h; path = TSCRequest.h; sourceTree = "<group>"; };
		C2E5089D19C835D900350F00 /* TSCRequest.m */ = {isa = PBXFileReference; fileEncoding = 4; lastKnownFileType = sourcecode.c.objc; path = TSCRequest.m; sourceTree = "<group>"; };
		C2E5089E19C835D900350F00 /* TSCRequestController.h */ = {isa = PBXFileReference; fileEncoding = 4; lastKnownFileType = sourcecode.c.h; path = TSCRequestController.h; sourceTree = "<group>"; };
		C2E5089F19C835D900350F00 /* TSCRequestController.m */ = {isa = PBXFileReference; fileEncoding = 4; lastKnownFileType = sourcecode.c.objc; path = TSCRequestController.m; sourceTree = "<group>"; };
		C2E508A019C835D900350F00 /* TSCRequestCredential.h */ = {isa = PBXFileReference; fileEncoding = 4; lastKnownFileType = sourcecode.c.h; path = TSCRequestCredential.h; sourceTree = "<group>"; };
		C2E508A119C835D900350F00 /* TSCRequestCredential.m */ = {isa = PBXFileReference; fileEncoding = 4; lastKnownFileType = sourcecode.c.objc; path = TSCRequestCredential.m; sourceTree = "<group>"; };
		C2E508A219C835D900350F00 /* TSCRequestResponse.h */ = {isa = PBXFileReference; fileEncoding = 4; lastKnownFileType = sourcecode.c.h; path = TSCRequestResponse.h; sourceTree = "<group>"; };
		C2E508A319C835D900350F00 /* TSCRequestResponse.m */ = {isa = PBXFileReference; fileEncoding = 4; lastKnownFileType = sourcecode.c.objc; path = TSCRequestResponse.m; sourceTree = "<group>"; };
/* End PBXFileReference section */

/* Begin PBXFrameworksBuildPhase section */
		49084FCD1BD13DBD0012F636 /* Frameworks */ = {
			isa = PBXFrameworksBuildPhase;
			buildActionMask = 2147483647;
			files = (
			);
			runOnlyForDeploymentPostprocessing = 0;
		};
		B1177ED41BBAF18E00372D4D /* Frameworks */ = {
			isa = PBXFrameworksBuildPhase;
			buildActionMask = 2147483647;
			files = (
			);
			runOnlyForDeploymentPostprocessing = 0;
		};
		B1177EDF1BBAF18E00372D4D /* Frameworks */ = {
			isa = PBXFrameworksBuildPhase;
			buildActionMask = 2147483647;
			files = (
				B1177EE31BBAF18E00372D4D /* ThunderRequestMac.framework in Frameworks */,
			);
			runOnlyForDeploymentPostprocessing = 0;
		};
		C2E5087E19C835A300350F00 /* Frameworks */ = {
			isa = PBXFrameworksBuildPhase;
			buildActionMask = 2147483647;
			files = (
			);
			runOnlyForDeploymentPostprocessing = 0;
		};
		C2E5088A19C835A300350F00 /* Frameworks */ = {
			isa = PBXFrameworksBuildPhase;
			buildActionMask = 2147483647;
			files = (
			);
			runOnlyForDeploymentPostprocessing = 0;
		};
/* End PBXFrameworksBuildPhase section */

/* Begin PBXGroup section */
		49084FD21BD13DBD0012F636 /* ThunderRequestTV */ = {
			isa = PBXGroup;
			children = (
				49084FD31BD13DBD0012F636 /* ThunderRequestTV.h */,
				49084FD51BD13DBD0012F636 /* Info.plist */,
			);
			path = ThunderRequestTV;
			sourceTree = "<group>";
		};
		B1177ED91BBAF18E00372D4D /* ThunderRequestMac */ = {
			isa = PBXGroup;
			children = (
				B1177EDC1BBAF18E00372D4D /* ThunderRequestMac.h */,
				B1177EDA1BBAF18E00372D4D /* Supporting Files */,
			);
			path = ThunderRequestMac;
			sourceTree = "<group>";
		};
		B1177EDA1BBAF18E00372D4D /* Supporting Files */ = {
			isa = PBXGroup;
			children = (
				B1177EDB1BBAF18E00372D4D /* Info.plist */,
			);
			name = "Supporting Files";
			sourceTree = "<group>";
		};
		B1177EE61BBAF18E00372D4D /* ThunderRequestMacTests */ = {
			isa = PBXGroup;
			children = (
				B1177EE91BBAF18E00372D4D /* ThunderRequestMacTests.m */,
				B1177EE71BBAF18E00372D4D /* Supporting Files */,
			);
			path = ThunderRequestMacTests;
			sourceTree = "<group>";
		};
		B1177EE71BBAF18E00372D4D /* Supporting Files */ = {
			isa = PBXGroup;
			children = (
				B1177EE81BBAF18E00372D4D /* Info.plist */,
			);
			name = "Supporting Files";
			sourceTree = "<group>";
		};
		C2E5087819C835A300350F00 = {
			isa = PBXGroup;
			children = (
				C2E5088419C835A300350F00 /* ThunderRequest */,
				C2E5088E19C835A300350F00 /* ThunderRequestTests */,
				B1177ED91BBAF18E00372D4D /* ThunderRequestMac */,
				B1177EE61BBAF18E00372D4D /* ThunderRequestMacTests */,
				49084FD21BD13DBD0012F636 /* ThunderRequestTV */,
				C2E5088319C835A300350F00 /* Products */,
			);
			sourceTree = "<group>";
		};
		C2E5088319C835A300350F00 /* Products */ = {
			isa = PBXGroup;
			children = (
				C2E5088219C835A300350F00 /* ThunderRequest.framework */,
				C2E5088D19C835A300350F00 /* ThunderRequestTests.xctest */,
				B1177ED81BBAF18E00372D4D /* ThunderRequestMac.framework */,
				B1177EE21BBAF18E00372D4D /* ThunderRequestMacTests.xctest */,
				49084FD11BD13DBD0012F636 /* ThunderRequestTV.framework */,
			);
			name = Products;
			sourceTree = "<group>";
		};
		C2E5088419C835A300350F00 /* ThunderRequest */ = {
			isa = PBXGroup;
			children = (
				C2E5089B19C835D900350F00 /* ThunderRequest.h */,
				B19894871BEA3B7C00E96DA3 /* NSURLSession+Synchronous.h */,
				B19894881BEA3B7C00E96DA3 /* NSURLSession+Synchronous.m */,
				C2E5089C19C835D900350F00 /* TSCRequest.h */,
				C2E5089D19C835D900350F00 /* TSCRequest.m */,
				C2E5089E19C835D900350F00 /* TSCRequestController.h */,
				C2E5089F19C835D900350F00 /* TSCRequestController.m */,
				C2E508A019C835D900350F00 /* TSCRequestCredential.h */,
				C2E508A119C835D900350F00 /* TSCRequestCredential.m */,
				B1EF2E9A1BA6D88E0053B39A /* TSCOAuth2Credential.h */,
				B1EF2E9B1BA6D88E0053B39A /* TSCOAuth2Credential.m */,
				B16743E61BA6C4E000352C68 /* TSCOAuth2Manager.h */,
				C2E508A219C835D900350F00 /* TSCRequestResponse.h */,
				C2E508A319C835D900350F00 /* TSCRequestResponse.m */,
				49B77E061B36A7BF001475CE /* TSCErrorRecoveryAttempter.h */,
				49B77E071B36A7BF001475CE /* TSCErrorRecoveryAttempter.m */,
				49B77E081B36A7BF001475CE /* TSCErrorRecoveryOption.h */,
				49B77E091B36A7BF001475CE /* TSCErrorRecoveryOption.m */,
				49B77E0A1B36A7BF001475CE /* TSCRequestDefines.h */,
				49F7B2E41B96F53100DDB587 /* TSCRequestDefines.m */,
				B1FC231B1BC6A6EA00E67C8D /* NSDictionary+URLEncoding.h */,
				B1FC231C1BC6A6EA00E67C8D /* NSDictionary+URLEncoding.m */,
				49B77E0C1B36A7BF001475CE /* UIAlertController+TSCErrorRecoveryAttempter.h */,
				49B77E0D1B36A7BF001475CE /* UIAlertController+TSCErrorRecoveryAttempter.m */,
				B1AB78331BDA92CC00F50127 /* NSThread+Blocks.h */,
				B1AB78341BDA92CC00F50127 /* NSThread+Blocks.m */,
				C2E5088519C835A300350F00 /* Supporting Files */,
			);
			path = ThunderRequest;
			sourceTree = "<group>";
		};
		C2E5088519C835A300350F00 /* Supporting Files */ = {
			isa = PBXGroup;
			children = (
				C2E5088619C835A300350F00 /* Info.plist */,
			);
			name = "Supporting Files";
			sourceTree = "<group>";
		};
		C2E5088E19C835A300350F00 /* ThunderRequestTests */ = {
			isa = PBXGroup;
			children = (
				C2E5089119C835A300350F00 /* ThunderRequestTests.swift */,
				B1EF2E9E1BA70F7B0053B39A /* ThunderRequest-KeychainTests.swift */,
				C2E5088F19C835A300350F00 /* Supporting Files */,
			);
			path = ThunderRequestTests;
			sourceTree = "<group>";
		};
		C2E5088F19C835A300350F00 /* Supporting Files */ = {
			isa = PBXGroup;
			children = (
				C2E5089019C835A300350F00 /* Info.plist */,
			);
			name = "Supporting Files";
			sourceTree = "<group>";
		};
/* End PBXGroup section */

/* Begin PBXHeadersBuildPhase section */
		49084FCE1BD13DBD0012F636 /* Headers */ = {
			isa = PBXHeadersBuildPhase;
			buildActionMask = 2147483647;
			files = (
				B12F7CA71BFDD6A0002B7D60 /* NSThread+Blocks.h in Headers */,
				49084FD41BD13DBD0012F636 /* ThunderRequestTV.h in Headers */,
				49084FE11BD13E2A0012F636 /* TSCRequest.h in Headers */,
				49084FE21BD13E2A0012F636 /* TSCRequestController.h in Headers */,
				B12F7CA41BFDD680002B7D60 /* TSCOAuth2Manager.h in Headers */,
				B12F7CA51BFDD690002B7D60 /* NSDictionary+URLEncoding.h in Headers */,
				49084FE31BD13E2A0012F636 /* TSCRequestCredential.h in Headers */,
				49084FE41BD13E2A0012F636 /* TSCRequestResponse.h in Headers */,
				B12F7CA91BFDD6B9002B7D60 /* NSURLSession+Synchronous.h in Headers */,
				B12F7C971BFDD47A002B7D60 /* TSCOAuth2Credential.h in Headers */,
				49084FE51BD13E2A0012F636 /* TSCErrorRecoveryAttempter.h in Headers */,
				49084FE61BD13E2A0012F636 /* TSCErrorRecoveryOption.h in Headers */,
				49084FE71BD13E2A0012F636 /* TSCRequestDefines.h in Headers */,
				49084FE81BD13E2A0012F636 /* UIAlertController+TSCErrorRecoveryAttempter.h in Headers */,
			);
			runOnlyForDeploymentPostprocessing = 0;
		};
		B1177ED51BBAF18E00372D4D /* Headers */ = {
			isa = PBXHeadersBuildPhase;
			buildActionMask = 2147483647;
			files = (
				B198948A1BEA3B7C00E96DA3 /* NSURLSession+Synchronous.h in Headers */,
				B1177EDD1BBAF18E00372D4D /* ThunderRequestMac.h in Headers */,
				B1FA1B501BF0A46800C458F1 /* NSDictionary+URLEncoding.h in Headers */,
				B1177EF81BBAF22C00372D4D /* TSCRequest.h in Headers */,
				B1177EF91BBAF22F00372D4D /* TSCRequestController.h in Headers */,
				B1177EFA1BBAF23400372D4D /* TSCRequestCredential.h in Headers */,
				B1177EFB1BBAF23A00372D4D /* TSCRequestResponse.h in Headers */,
				B1FE42821BF4A36400EDC887 /* TSCOAuth2Credential.h in Headers */,
				B198948F1BEA3E6E00E96DA3 /* NSThread+Blocks.h in Headers */,
				B1177EFC1BBAF23D00372D4D /* TSCErrorRecoveryAttempter.h in Headers */,
				B1FE42841BF4A36B00EDC887 /* TSCOAuth2Manager.h in Headers */,
				B1177EFD1BBAF24100372D4D /* TSCErrorRecoveryOption.h in Headers */,
				B1177EFE1BBAF24500372D4D /* TSCRequestDefines.h in Headers */,
			);
			runOnlyForDeploymentPostprocessing = 0;
		};
		C2E5087F19C835A300350F00 /* Headers */ = {
			isa = PBXHeadersBuildPhase;
			buildActionMask = 2147483647;
			files = (
				C2E508AB19C835D900350F00 /* TSCRequestResponse.h in Headers */,
				C2E508A419C835D900350F00 /* ThunderRequest.h in Headers */,
				B19894891BEA3B7C00E96DA3 /* NSURLSession+Synchronous.h in Headers */,
				49B77E141B36A7BF001475CE /* UIAlertController+TSCErrorRecoveryAttempter.h in Headers */,
				49B77E101B36A7BF001475CE /* TSCErrorRecoveryOption.h in Headers */,
				B1FC231D1BC6A6EA00E67C8D /* NSDictionary+URLEncoding.h in Headers */,
				49B77E121B36A7BF001475CE /* TSCRequestDefines.h in Headers */,
				49B77E0E1B36A7BF001475CE /* TSCErrorRecoveryAttempter.h in Headers */,
				B1EF2E9C1BA6D88E0053B39A /* TSCOAuth2Credential.h in Headers */,
				C2E508A719C835D900350F00 /* TSCRequestController.h in Headers */,
				C2E508A919C835D900350F00 /* TSCRequestCredential.h in Headers */,
				B16743E81BA6C4E000352C68 /* TSCOAuth2Manager.h in Headers */,
				C2E508A519C835D900350F00 /* TSCRequest.h in Headers */,
				B1AB78351BDA92CC00F50127 /* NSThread+Blocks.h in Headers */,
			);
			runOnlyForDeploymentPostprocessing = 0;
		};
/* End PBXHeadersBuildPhase section */

/* Begin PBXNativeTarget section */
		49084FD01BD13DBD0012F636 /* ThunderRequestTV */ = {
			isa = PBXNativeTarget;
			buildConfigurationList = 49084FD81BD13DBD0012F636 /* Build configuration list for PBXNativeTarget "ThunderRequestTV" */;
			buildPhases = (
				49084FCC1BD13DBD0012F636 /* Sources */,
				49084FCD1BD13DBD0012F636 /* Frameworks */,
				49084FCE1BD13DBD0012F636 /* Headers */,
				49084FCF1BD13DBD0012F636 /* Resources */,
			);
			buildRules = (
			);
			dependencies = (
			);
			name = ThunderRequestTV;
			productName = ThunderRequestTV;
			productReference = 49084FD11BD13DBD0012F636 /* ThunderRequestTV.framework */;
			productType = "com.apple.product-type.framework";
		};
		B1177ED71BBAF18E00372D4D /* ThunderRequestMac */ = {
			isa = PBXNativeTarget;
			buildConfigurationList = B1177EEF1BBAF18E00372D4D /* Build configuration list for PBXNativeTarget "ThunderRequestMac" */;
			buildPhases = (
				B1177ED31BBAF18E00372D4D /* Sources */,
				B1177ED41BBAF18E00372D4D /* Frameworks */,
				B1177ED51BBAF18E00372D4D /* Headers */,
				B1177ED61BBAF18E00372D4D /* Resources */,
			);
			buildRules = (
			);
			dependencies = (
			);
			name = ThunderRequestMac;
			productName = ThunderRequestMac;
			productReference = B1177ED81BBAF18E00372D4D /* ThunderRequestMac.framework */;
			productType = "com.apple.product-type.framework";
		};
		B1177EE11BBAF18E00372D4D /* ThunderRequestMacTests */ = {
			isa = PBXNativeTarget;
			buildConfigurationList = B1177EF01BBAF18E00372D4D /* Build configuration list for PBXNativeTarget "ThunderRequestMacTests" */;
			buildPhases = (
				B1177EDE1BBAF18E00372D4D /* Sources */,
				B1177EDF1BBAF18E00372D4D /* Frameworks */,
				B1177EE01BBAF18E00372D4D /* Resources */,
			);
			buildRules = (
			);
			dependencies = (
				B1177EE51BBAF18E00372D4D /* PBXTargetDependency */,
			);
			name = ThunderRequestMacTests;
			productName = ThunderRequestMacTests;
			productReference = B1177EE21BBAF18E00372D4D /* ThunderRequestMacTests.xctest */;
			productType = "com.apple.product-type.bundle.unit-test";
		};
		C2E5088119C835A300350F00 /* ThunderRequest */ = {
			isa = PBXNativeTarget;
			buildConfigurationList = C2E5089519C835A300350F00 /* Build configuration list for PBXNativeTarget "ThunderRequest" */;
			buildPhases = (
				C2E5087D19C835A300350F00 /* Sources */,
				C2E5087E19C835A300350F00 /* Frameworks */,
				C2E5087F19C835A300350F00 /* Headers */,
				C2E5088019C835A300350F00 /* Resources */,
			);
			buildRules = (
			);
			dependencies = (
			);
			name = ThunderRequest;
			productName = ThunderRequest;
			productReference = C2E5088219C835A300350F00 /* ThunderRequest.framework */;
			productType = "com.apple.product-type.framework";
		};
		C2E5088C19C835A300350F00 /* ThunderRequestTests */ = {
			isa = PBXNativeTarget;
			buildConfigurationList = C2E5089819C835A300350F00 /* Build configuration list for PBXNativeTarget "ThunderRequestTests" */;
			buildPhases = (
				C2E5088919C835A300350F00 /* Sources */,
				C2E5088A19C835A300350F00 /* Frameworks */,
				C2E5088B19C835A300350F00 /* Resources */,
			);
			buildRules = (
			);
			dependencies = (
			);
			name = ThunderRequestTests;
			productName = ThunderRequestTests;
			productReference = C2E5088D19C835A300350F00 /* ThunderRequestTests.xctest */;
			productType = "com.apple.product-type.bundle.unit-test";
		};
/* End PBXNativeTarget section */

/* Begin PBXProject section */
		C2E5087919C835A300350F00 /* Project object */ = {
			isa = PBXProject;
			attributes = {
				LastSwiftUpdateCheck = 0700;
				LastUpgradeCheck = 0700;
				ORGANIZATIONNAME = threesidedcube;
				TargetAttributes = {
					49084FD01BD13DBD0012F636 = {
						CreatedOnToolsVersion = 7.1;
					};
					B1177ED71BBAF18E00372D4D = {
						CreatedOnToolsVersion = 6.4;
					};
					B1177EE11BBAF18E00372D4D = {
						CreatedOnToolsVersion = 6.4;
					};
					C2E5088119C835A300350F00 = {
						CreatedOnToolsVersion = 6.0;
					};
					C2E5088C19C835A300350F00 = {
						CreatedOnToolsVersion = 6.0;
					};
				};
			};
			buildConfigurationList = C2E5087C19C835A300350F00 /* Build configuration list for PBXProject "ThunderRequest" */;
			compatibilityVersion = "Xcode 3.2";
			developmentRegion = English;
			hasScannedForEncodings = 0;
			knownRegions = (
				en,
			);
			mainGroup = C2E5087819C835A300350F00;
			productRefGroup = C2E5088319C835A300350F00 /* Products */;
			projectDirPath = "";
			projectRoot = "";
			targets = (
				C2E5088119C835A300350F00 /* ThunderRequest */,
				C2E5088C19C835A300350F00 /* ThunderRequestTests */,
				B1177ED71BBAF18E00372D4D /* ThunderRequestMac */,
				B1177EE11BBAF18E00372D4D /* ThunderRequestMacTests */,
				49084FD01BD13DBD0012F636 /* ThunderRequestTV */,
			);
		};
/* End PBXProject section */

/* Begin PBXResourcesBuildPhase section */
		49084FCF1BD13DBD0012F636 /* Resources */ = {
			isa = PBXResourcesBuildPhase;
			buildActionMask = 2147483647;
			files = (
			);
			runOnlyForDeploymentPostprocessing = 0;
		};
		B1177ED61BBAF18E00372D4D /* Resources */ = {
			isa = PBXResourcesBuildPhase;
			buildActionMask = 2147483647;
			files = (
			);
			runOnlyForDeploymentPostprocessing = 0;
		};
		B1177EE01BBAF18E00372D4D /* Resources */ = {
			isa = PBXResourcesBuildPhase;
			buildActionMask = 2147483647;
			files = (
			);
			runOnlyForDeploymentPostprocessing = 0;
		};
		C2E5088019C835A300350F00 /* Resources */ = {
			isa = PBXResourcesBuildPhase;
			buildActionMask = 2147483647;
			files = (
			);
			runOnlyForDeploymentPostprocessing = 0;
		};
		C2E5088B19C835A300350F00 /* Resources */ = {
			isa = PBXResourcesBuildPhase;
			buildActionMask = 2147483647;
			files = (
			);
			runOnlyForDeploymentPostprocessing = 0;
		};
/* End PBXResourcesBuildPhase section */

/* Begin PBXSourcesBuildPhase section */
		49084FCC1BD13DBD0012F636 /* Sources */ = {
			isa = PBXSourcesBuildPhase;
			buildActionMask = 2147483647;
			files = (
				49084FD91BD13DF80012F636 /* TSCRequest.m in Sources */,
				B12F7CAA1BFDD6BD002B7D60 /* NSURLSession+Synchronous.m in Sources */,
				49084FDA1BD13DF80012F636 /* TSCRequestController.m in Sources */,
				49084FDB1BD13DF80012F636 /* TSCRequestCredential.m in Sources */,
				49084FDC1BD13DF80012F636 /* TSCRequestResponse.m in Sources */,
				49084FDD1BD13DF80012F636 /* TSCErrorRecoveryAttempter.m in Sources */,
				49084FDE1BD13DF80012F636 /* TSCErrorRecoveryOption.m in Sources */,
				49084FDF1BD13DF80012F636 /* TSCRequestDefines.m in Sources */,
				B12F7C981BFDD47E002B7D60 /* TSCOAuth2Credential.m in Sources */,
				49084FE01BD13DF80012F636 /* UIAlertController+TSCErrorRecoveryAttempter.m in Sources */,
				B12F7CAB1BFDD836002B7D60 /* NSThread+Blocks.m in Sources */,
				B12F7CA81BFDD6B1002B7D60 /* NSDictionary+URLEncoding.m in Sources */,
			);
			runOnlyForDeploymentPostprocessing = 0;
		};
		B1177ED31BBAF18E00372D4D /* Sources */ = {
			isa = PBXSourcesBuildPhase;
			buildActionMask = 2147483647;
			files = (
				B1FE42831BF4A36800EDC887 /* TSCOAuth2Credential.m in Sources */,
				B1177EF11BBAF21F00372D4D /* TSCRequest.m in Sources */,
				B1177EF21BBAF21F00372D4D /* TSCRequestController.m in Sources */,
				B1177EF31BBAF21F00372D4D /* TSCRequestCredential.m in Sources */,
				B19894901BEA3E8800E96DA3 /* NSThread+Blocks.m in Sources */,
				B1177EF41BBAF21F00372D4D /* TSCRequestResponse.m in Sources */,
				B1177EF51BBAF21F00372D4D /* TSCErrorRecoveryAttempter.m in Sources */,
				B198948C1BEA3B7C00E96DA3 /* NSURLSession+Synchronous.m in Sources */,
				B17F34601BF4A59000F3586C /* NSDictionary+URLEncoding.m in Sources */,
				B1177EF61BBAF21F00372D4D /* TSCErrorRecoveryOption.m in Sources */,
				B1177EF71BBAF21F00372D4D /* TSCRequestDefines.m in Sources */,
			);
			runOnlyForDeploymentPostprocessing = 0;
		};
		B1177EDE1BBAF18E00372D4D /* Sources */ = {
			isa = PBXSourcesBuildPhase;
			buildActionMask = 2147483647;
			files = (
				B1177EEA1BBAF18E00372D4D /* ThunderRequestMacTests.m in Sources */,
			);
			runOnlyForDeploymentPostprocessing = 0;
		};
		C2E5087D19C835A300350F00 /* Sources */ = {
			isa = PBXSourcesBuildPhase;
			buildActionMask = 2147483647;
			files = (
				B1EF2E9D1BA6D88E0053B39A /* TSCOAuth2Credential.m in Sources */,
				C2E508AA19C835D900350F00 /* TSCRequestCredential.m in Sources */,
				B198948B1BEA3B7C00E96DA3 /* NSURLSession+Synchronous.m in Sources */,
				49B77E151B36A7BF001475CE /* UIAlertController+TSCErrorRecoveryAttempter.m in Sources */,
				C2E508AC19C835D900350F00 /* TSCRequestResponse.m in Sources */,
				C2E508A819C835D900350F00 /* TSCRequestController.m in Sources */,
				B1AB78361BDA92CC00F50127 /* NSThread+Blocks.m in Sources */,
				49B77E0F1B36A7BF001475CE /* TSCErrorRecoveryAttempter.m in Sources */,
				C2E508A619C835D900350F00 /* TSCRequest.m in Sources */,
				49B77E111B36A7BF001475CE /* TSCErrorRecoveryOption.m in Sources */,
				49F7B2E51B96F53100DDB587 /* TSCRequestDefines.m in Sources */,
				B1FC231E1BC6A6EA00E67C8D /* NSDictionary+URLEncoding.m in Sources */,
			);
			runOnlyForDeploymentPostprocessing = 0;
		};
		C2E5088919C835A300350F00 /* Sources */ = {
			isa = PBXSourcesBuildPhase;
			buildActionMask = 2147483647;
			files = (
				B1EF2E9F1BA70F7B0053B39A /* ThunderRequest-KeychainTests.swift in Sources */,
				C2E5089219C835A300350F00 /* ThunderRequestTests.swift in Sources */,
			);
			runOnlyForDeploymentPostprocessing = 0;
		};
/* End PBXSourcesBuildPhase section */

/* Begin PBXTargetDependency section */
		B1177EE51BBAF18E00372D4D /* PBXTargetDependency */ = {
			isa = PBXTargetDependency;
			target = B1177ED71BBAF18E00372D4D /* ThunderRequestMac */;
			targetProxy = B1177EE41BBAF18E00372D4D /* PBXContainerItemProxy */;
		};
/* End PBXTargetDependency section */

/* Begin XCBuildConfiguration section */
		49084FD61BD13DBD0012F636 /* Debug */ = {
			isa = XCBuildConfiguration;
			buildSettings = {
				DEBUG_INFORMATION_FORMAT = dwarf;
				DEFINES_MODULE = YES;
				DYLIB_COMPATIBILITY_VERSION = 1;
				DYLIB_CURRENT_VERSION = 1;
				DYLIB_INSTALL_NAME_BASE = "@rpath";
				GCC_NO_COMMON_BLOCKS = YES;
				INFOPLIST_FILE = ThunderRequestTV/Info.plist;
				INSTALL_PATH = "$(LOCAL_LIBRARY_DIR)/Frameworks";
				LD_RUNPATH_SEARCH_PATHS = "$(inherited) @executable_path/Frameworks @loader_path/Frameworks";
				PRODUCT_BUNDLE_IDENTIFIER = com.hacktothefuture.ThunderRequestTV;
				PRODUCT_NAME = "$(TARGET_NAME)";
				SDKROOT = appletvos;
				SKIP_INSTALL = YES;
				TARGETED_DEVICE_FAMILY = 3;
				TVOS_DEPLOYMENT_TARGET = 9.0;
			};
			name = Debug;
		};
		49084FD71BD13DBD0012F636 /* Release */ = {
			isa = XCBuildConfiguration;
			buildSettings = {
				COPY_PHASE_STRIP = NO;
				DEBUG_INFORMATION_FORMAT = "dwarf-with-dsym";
				DEFINES_MODULE = YES;
				DYLIB_COMPATIBILITY_VERSION = 1;
				DYLIB_CURRENT_VERSION = 1;
				DYLIB_INSTALL_NAME_BASE = "@rpath";
				GCC_NO_COMMON_BLOCKS = YES;
				INFOPLIST_FILE = ThunderRequestTV/Info.plist;
				INSTALL_PATH = "$(LOCAL_LIBRARY_DIR)/Frameworks";
				LD_RUNPATH_SEARCH_PATHS = "$(inherited) @executable_path/Frameworks @loader_path/Frameworks";
				PRODUCT_BUNDLE_IDENTIFIER = com.hacktothefuture.ThunderRequestTV;
				PRODUCT_NAME = "$(TARGET_NAME)";
				SDKROOT = appletvos;
				SKIP_INSTALL = YES;
				TARGETED_DEVICE_FAMILY = 3;
				TVOS_DEPLOYMENT_TARGET = 9.0;
			};
			name = Release;
		};
		B1177EEB1BBAF18E00372D4D /* Debug */ = {
			isa = XCBuildConfiguration;
			buildSettings = {
				COMBINE_HIDPI_IMAGES = YES;
				DEBUG_INFORMATION_FORMAT = dwarf;
				DEFINES_MODULE = YES;
				DYLIB_COMPATIBILITY_VERSION = 1;
				DYLIB_CURRENT_VERSION = 1;
				DYLIB_INSTALL_NAME_BASE = "@rpath";
				FRAMEWORK_VERSION = A;
				GCC_NO_COMMON_BLOCKS = YES;
				GCC_PREPROCESSOR_DEFINITIONS = (
					"DEBUG=1",
					"$(inherited)",
				);
				INFOPLIST_FILE = ThunderRequestMac/Info.plist;
				INSTALL_PATH = "$(LOCAL_LIBRARY_DIR)/Frameworks";
				LD_RUNPATH_SEARCH_PATHS = "$(inherited) @executable_path/../Frameworks @loader_path/Frameworks";
				MACOSX_DEPLOYMENT_TARGET = 10.10;
				PRODUCT_NAME = "$(TARGET_NAME)";
				SDKROOT = macosx;
				SKIP_INSTALL = YES;
			};
			name = Debug;
		};
		B1177EEC1BBAF18E00372D4D /* Release */ = {
			isa = XCBuildConfiguration;
			buildSettings = {
				COMBINE_HIDPI_IMAGES = YES;
				COPY_PHASE_STRIP = NO;
				DEBUG_INFORMATION_FORMAT = "dwarf-with-dsym";
				DEFINES_MODULE = YES;
				DYLIB_COMPATIBILITY_VERSION = 1;
				DYLIB_CURRENT_VERSION = 1;
				DYLIB_INSTALL_NAME_BASE = "@rpath";
				FRAMEWORK_VERSION = A;
				GCC_NO_COMMON_BLOCKS = YES;
				INFOPLIST_FILE = ThunderRequestMac/Info.plist;
				INSTALL_PATH = "$(LOCAL_LIBRARY_DIR)/Frameworks";
				LD_RUNPATH_SEARCH_PATHS = "$(inherited) @executable_path/../Frameworks @loader_path/Frameworks";
				MACOSX_DEPLOYMENT_TARGET = 10.10;
				PRODUCT_NAME = "$(TARGET_NAME)";
				SDKROOT = macosx;
				SKIP_INSTALL = YES;
			};
			name = Release;
		};
		B1177EED1BBAF18E00372D4D /* Debug */ = {
			isa = XCBuildConfiguration;
			buildSettings = {
				COMBINE_HIDPI_IMAGES = YES;
				DEBUG_INFORMATION_FORMAT = dwarf;
				FRAMEWORK_SEARCH_PATHS = (
					"$(DEVELOPER_FRAMEWORKS_DIR)",
					"$(inherited)",
				);
				GCC_NO_COMMON_BLOCKS = YES;
				GCC_PREPROCESSOR_DEFINITIONS = (
					"DEBUG=1",
					"$(inherited)",
				);
				INFOPLIST_FILE = ThunderRequestMacTests/Info.plist;
				LD_RUNPATH_SEARCH_PATHS = "$(inherited) @executable_path/../Frameworks @loader_path/../Frameworks";
				MACOSX_DEPLOYMENT_TARGET = 10.10;
				PRODUCT_NAME = "$(TARGET_NAME)";
				SDKROOT = macosx;
			};
			name = Debug;
		};
		B1177EEE1BBAF18E00372D4D /* Release */ = {
			isa = XCBuildConfiguration;
			buildSettings = {
				COMBINE_HIDPI_IMAGES = YES;
				COPY_PHASE_STRIP = NO;
				DEBUG_INFORMATION_FORMAT = "dwarf-with-dsym";
				FRAMEWORK_SEARCH_PATHS = (
					"$(DEVELOPER_FRAMEWORKS_DIR)",
					"$(inherited)",
				);
				GCC_NO_COMMON_BLOCKS = YES;
				INFOPLIST_FILE = ThunderRequestMacTests/Info.plist;
				LD_RUNPATH_SEARCH_PATHS = "$(inherited) @executable_path/../Frameworks @loader_path/../Frameworks";
				MACOSX_DEPLOYMENT_TARGET = 10.10;
				PRODUCT_NAME = "$(TARGET_NAME)";
				SDKROOT = macosx;
			};
			name = Release;
		};
		C2E5089319C835A300350F00 /* Debug */ = {
			isa = XCBuildConfiguration;
			buildSettings = {
				ALWAYS_SEARCH_USER_PATHS = NO;
				CLANG_CXX_LANGUAGE_STANDARD = "gnu++0x";
				CLANG_CXX_LIBRARY = "libc++";
				CLANG_ENABLE_MODULES = YES;
				CLANG_ENABLE_OBJC_ARC = YES;
				CLANG_WARN_BOOL_CONVERSION = YES;
				CLANG_WARN_CONSTANT_CONVERSION = YES;
				CLANG_WARN_DIRECT_OBJC_ISA_USAGE = YES_ERROR;
				CLANG_WARN_EMPTY_BODY = YES;
				CLANG_WARN_ENUM_CONVERSION = YES;
				CLANG_WARN_INT_CONVERSION = YES;
				CLANG_WARN_OBJC_ROOT_CLASS = YES_ERROR;
				CLANG_WARN_UNREACHABLE_CODE = YES;
				CLANG_WARN__DUPLICATE_METHOD_MATCH = YES;
				"CODE_SIGN_IDENTITY[sdk=iphoneos*]" = "iPhone Developer";
				COPY_PHASE_STRIP = NO;
				CURRENT_PROJECT_VERSION = 1;
				ENABLE_STRICT_OBJC_MSGSEND = YES;
				ENABLE_TESTABILITY = YES;
				GCC_C_LANGUAGE_STANDARD = gnu99;
				GCC_DYNAMIC_NO_PIC = NO;
				GCC_OPTIMIZATION_LEVEL = 0;
				GCC_PREPROCESSOR_DEFINITIONS = (
					"DEBUG=1",
					"$(inherited)",
				);
				GCC_SYMBOLS_PRIVATE_EXTERN = NO;
				GCC_WARN_64_TO_32_BIT_CONVERSION = YES;
				GCC_WARN_ABOUT_RETURN_TYPE = YES_ERROR;
				GCC_WARN_UNDECLARED_SELECTOR = YES;
				GCC_WARN_UNINITIALIZED_AUTOS = YES_AGGRESSIVE;
				GCC_WARN_UNUSED_FUNCTION = YES;
				GCC_WARN_UNUSED_VARIABLE = YES;
				IPHONEOS_DEPLOYMENT_TARGET = 8.0;
				MTL_ENABLE_DEBUG_INFO = YES;
				ONLY_ACTIVE_ARCH = YES;
				SDKROOT = iphoneos;
				SWIFT_OPTIMIZATION_LEVEL = "-Onone";
				TARGETED_DEVICE_FAMILY = "1,2";
				VERSIONING_SYSTEM = "apple-generic";
				VERSION_INFO_PREFIX = "";
			};
			name = Debug;
		};
		C2E5089419C835A300350F00 /* Release */ = {
			isa = XCBuildConfiguration;
			buildSettings = {
				ALWAYS_SEARCH_USER_PATHS = NO;
				CLANG_CXX_LANGUAGE_STANDARD = "gnu++0x";
				CLANG_CXX_LIBRARY = "libc++";
				CLANG_ENABLE_MODULES = YES;
				CLANG_ENABLE_OBJC_ARC = YES;
				CLANG_WARN_BOOL_CONVERSION = YES;
				CLANG_WARN_CONSTANT_CONVERSION = YES;
				CLANG_WARN_DIRECT_OBJC_ISA_USAGE = YES_ERROR;
				CLANG_WARN_EMPTY_BODY = YES;
				CLANG_WARN_ENUM_CONVERSION = YES;
				CLANG_WARN_INT_CONVERSION = YES;
				CLANG_WARN_OBJC_ROOT_CLASS = YES_ERROR;
				CLANG_WARN_UNREACHABLE_CODE = YES;
				CLANG_WARN__DUPLICATE_METHOD_MATCH = YES;
				"CODE_SIGN_IDENTITY[sdk=iphoneos*]" = "iPhone Developer";
				COPY_PHASE_STRIP = YES;
				CURRENT_PROJECT_VERSION = 1;
				ENABLE_NS_ASSERTIONS = NO;
				ENABLE_STRICT_OBJC_MSGSEND = YES;
				GCC_C_LANGUAGE_STANDARD = gnu99;
				GCC_WARN_64_TO_32_BIT_CONVERSION = YES;
				GCC_WARN_ABOUT_RETURN_TYPE = YES_ERROR;
				GCC_WARN_UNDECLARED_SELECTOR = YES;
				GCC_WARN_UNINITIALIZED_AUTOS = YES_AGGRESSIVE;
				GCC_WARN_UNUSED_FUNCTION = YES;
				GCC_WARN_UNUSED_VARIABLE = YES;
				IPHONEOS_DEPLOYMENT_TARGET = 8.0;
				MTL_ENABLE_DEBUG_INFO = NO;
				SDKROOT = iphoneos;
				TARGETED_DEVICE_FAMILY = "1,2";
				VALIDATE_PRODUCT = YES;
				VERSIONING_SYSTEM = "apple-generic";
				VERSION_INFO_PREFIX = "";
			};
			name = Release;
		};
		C2E5089619C835A300350F00 /* Debug */ = {
			isa = XCBuildConfiguration;
			buildSettings = {
				CODE_SIGN_IDENTITY = "iPhone Developer";
				DEFINES_MODULE = YES;
				DYLIB_COMPATIBILITY_VERSION = 1;
				DYLIB_CURRENT_VERSION = 1;
				DYLIB_INSTALL_NAME_BASE = "@rpath";
				INFOPLIST_FILE = ThunderRequest/Info.plist;
				INSTALL_PATH = "$(LOCAL_LIBRARY_DIR)/Frameworks";
				IPHONEOS_DEPLOYMENT_TARGET = 8.0;
				LD_RUNPATH_SEARCH_PATHS = "$(inherited) @executable_path/Frameworks @loader_path/Frameworks";
				ONLY_ACTIVE_ARCH = NO;
				PRODUCT_BUNDLE_IDENTIFIER = "com.threesidedcube.$(PRODUCT_NAME:rfc1034identifier)";
				PRODUCT_NAME = "$(TARGET_NAME)";
				SKIP_INSTALL = YES;
			};
			name = Debug;
		};
		C2E5089719C835A300350F00 /* Release */ = {
			isa = XCBuildConfiguration;
			buildSettings = {
				CODE_SIGN_IDENTITY = "iPhone Developer";
				DEFINES_MODULE = YES;
				DYLIB_COMPATIBILITY_VERSION = 1;
				DYLIB_CURRENT_VERSION = 1;
				DYLIB_INSTALL_NAME_BASE = "@rpath";
				INFOPLIST_FILE = ThunderRequest/Info.plist;
				INSTALL_PATH = "$(LOCAL_LIBRARY_DIR)/Frameworks";
				IPHONEOS_DEPLOYMENT_TARGET = 8.0;
				LD_RUNPATH_SEARCH_PATHS = "$(inherited) @executable_path/Frameworks @loader_path/Frameworks";
				PRODUCT_BUNDLE_IDENTIFIER = "com.threesidedcube.$(PRODUCT_NAME:rfc1034identifier)";
				PRODUCT_NAME = "$(TARGET_NAME)";
				SKIP_INSTALL = YES;
			};
			name = Release;
		};
		C2E5089919C835A300350F00 /* Debug */ = {
			isa = XCBuildConfiguration;
			buildSettings = {
				FRAMEWORK_SEARCH_PATHS = (
					"$(SDKROOT)/Developer/Library/Frameworks",
					"$(inherited)",
				);
				GCC_PREPROCESSOR_DEFINITIONS = (
					"DEBUG=1",
					"$(inherited)",
				);
				INFOPLIST_FILE = ThunderRequestTests/Info.plist;
				LD_RUNPATH_SEARCH_PATHS = "$(inherited) @executable_path/Frameworks @loader_path/Frameworks";
				PRODUCT_BUNDLE_IDENTIFIER = "com.threesidedcube.$(PRODUCT_NAME:rfc1034identifier)";
				PRODUCT_NAME = "$(TARGET_NAME)";
			};
			name = Debug;
		};
		C2E5089A19C835A300350F00 /* Release */ = {
			isa = XCBuildConfiguration;
			buildSettings = {
				FRAMEWORK_SEARCH_PATHS = (
					"$(SDKROOT)/Developer/Library/Frameworks",
					"$(inherited)",
				);
				INFOPLIST_FILE = ThunderRequestTests/Info.plist;
				LD_RUNPATH_SEARCH_PATHS = "$(inherited) @executable_path/Frameworks @loader_path/Frameworks";
				PRODUCT_BUNDLE_IDENTIFIER = "com.threesidedcube.$(PRODUCT_NAME:rfc1034identifier)";
				PRODUCT_NAME = "$(TARGET_NAME)";
			};
			name = Release;
		};
/* End XCBuildConfiguration section */

/* Begin XCConfigurationList section */
		49084FD81BD13DBD0012F636 /* Build configuration list for PBXNativeTarget "ThunderRequestTV" */ = {
			isa = XCConfigurationList;
			buildConfigurations = (
				49084FD61BD13DBD0012F636 /* Debug */,
				49084FD71BD13DBD0012F636 /* Release */,
			);
			defaultConfigurationIsVisible = 0;
			defaultConfigurationName = Release;
		};
		B1177EEF1BBAF18E00372D4D /* Build configuration list for PBXNativeTarget "ThunderRequestMac" */ = {
			isa = XCConfigurationList;
			buildConfigurations = (
				B1177EEB1BBAF18E00372D4D /* Debug */,
				B1177EEC1BBAF18E00372D4D /* Release */,
			);
			defaultConfigurationIsVisible = 0;
			defaultConfigurationName = Release;
		};
		B1177EF01BBAF18E00372D4D /* Build configuration list for PBXNativeTarget "ThunderRequestMacTests" */ = {
			isa = XCConfigurationList;
			buildConfigurations = (
				B1177EED1BBAF18E00372D4D /* Debug */,
				B1177EEE1BBAF18E00372D4D /* Release */,
			);
			defaultConfigurationIsVisible = 0;
			defaultConfigurationName = Release;
		};
		C2E5087C19C835A300350F00 /* Build configuration list for PBXProject "ThunderRequest" */ = {
			isa = XCConfigurationList;
			buildConfigurations = (
				C2E5089319C835A300350F00 /* Debug */,
				C2E5089419C835A300350F00 /* Release */,
			);
			defaultConfigurationIsVisible = 0;
			defaultConfigurationName = Release;
		};
		C2E5089519C835A300350F00 /* Build configuration list for PBXNativeTarget "ThunderRequest" */ = {
			isa = XCConfigurationList;
			buildConfigurations = (
				C2E5089619C835A300350F00 /* Debug */,
				C2E5089719C835A300350F00 /* Release */,
			);
			defaultConfigurationIsVisible = 0;
			defaultConfigurationName = Release;
		};
		C2E5089819C835A300350F00 /* Build configuration list for PBXNativeTarget "ThunderRequestTests" */ = {
			isa = XCConfigurationList;
			buildConfigurations = (
				C2E5089919C835A300350F00 /* Debug */,
				C2E5089A19C835A300350F00 /* Release */,
			);
			defaultConfigurationIsVisible = 0;
			defaultConfigurationName = Release;
		};
/* End XCConfigurationList section */
	};
	rootObject = C2E5087919C835A300350F00 /* Project object */;
}
